
Microsoft Visual Studio Solution File, Format Version 12.00
# Visual Studio Version 17
VisualStudioVersion = 17.5.2.0
MinimumVisualStudioVersion = 10.0.40219.1
Project("{FAE04EC0-301F-11D3-BF4B-00C04F79EFBC}") = "№3 Аип 24.02 Скобки", "№3 Аип 24.02 Скобки.csproj", "{582C1871-2D76-B093-817C-BEF0D52B3898}"
EndProject
Global
	GlobalSection(SolutionConfigurationPlatforms) = preSolution
		Debug|Any CPU = Debug|Any CPU
		Release|Any CPU = Release|Any CPU
	EndGlobalSection
	GlobalSection(ProjectConfigurationPlatforms) = postSolution
		{582C1871-2D76-B093-817C-BEF0D52B3898}.Debug|Any CPU.ActiveCfg = Debug|Any CPU
		{582C1871-2D76-B093-817C-BEF0D52B3898}.Debug|Any CPU.Build.0 = Debug|Any CPU
		{582C1871-2D76-B093-817C-BEF0D52B3898}.Release|Any CPU.ActiveCfg = Release|Any CPU
		{582C1871-2D76-B093-817C-BEF0D52B3898}.Release|Any CPU.Build.0 = Release|Any CPU
	EndGlobalSection
	GlobalSection(SolutionProperties) = preSolution
		HideSolutionNode = FALSE
	EndGlobalSection
	GlobalSection(ExtensibilityGlobals) = postSolution
		SolutionGuid = {F29B6C71-5F37-4619-8D46-5CD5A31C6021}
	EndGlobalSection
EndGlobal
