
Microsoft Visual Studio Solution File, Format Version 12.00
# Visual Studio Version 17
VisualStudioVersion = 17.5.2.0
MinimumVisualStudioVersion = 10.0.40219.1
Project("{FAE04EC0-301F-11D3-BF4B-00C04F79EFBC}") = "№5 Аип 10.03 Тел и операторы", "№5 Аип 10.03 Тел и операторы.csproj", "{754AC4CD-09DC-C9C8-5143-066A9880C469}"
EndProject
Global
	GlobalSection(SolutionConfigurationPlatforms) = preSolution
		Debug|Any CPU = Debug|Any CPU
		Release|Any CPU = Release|Any CPU
	EndGlobalSection
	GlobalSection(ProjectConfigurationPlatforms) = postSolution
		{754AC4CD-09DC-C9C8-5143-066A9880C469}.Debug|Any CPU.ActiveCfg = Debug|Any CPU
		{754AC4CD-09DC-C9C8-5143-066A9880C469}.Debug|Any CPU.Build.0 = Debug|Any CPU
		{754AC4CD-09DC-C9C8-5143-066A9880C469}.Release|Any CPU.ActiveCfg = Release|Any CPU
		{754AC4CD-09DC-C9C8-5143-066A9880C469}.Release|Any CPU.Build.0 = Release|Any CPU
	EndGlobalSection
	GlobalSection(SolutionProperties) = preSolution
		HideSolutionNode = FALSE
	EndGlobalSection
	GlobalSection(ExtensibilityGlobals) = postSolution
		SolutionGuid = {1AE26185-3C7B-4B3B-AD1F-FA6E7B3B93A9}
	EndGlobalSection
EndGlobal
